
Microsoft Visual Studio Solution File, Format Version 12.00
# Visual Studio Version 17
VisualStudioVersion = 17.7.34202.233
MinimumVisualStudioVersion = 10.0.40219.1
Project("{FAE04EC0-301F-11D3-BF4B-00C04F79EFBC}") = "APISaude360", "APISaude360\APISaude360.csproj", "{4EE5D3E6-D694-4090-94C2-9665265147FD}"
EndProject
Project("{FAE04EC0-301F-11D3-BF4B-00C04F79EFBC}") = "Saude360.Data", "Saude360.Data\Saude360.Data.csproj", "{A0F8069A-AA55-42B7-8AD0-02ED6BC5366E}"
EndProject
Project("{FAE04EC0-301F-11D3-BF4B-00C04F79EFBC}") = "Saude360.Domain", "Saude360.Domain\Saude360.Domain.csproj", "{22F1DA83-CCB0-476E-AACE-C9F9FC4F1824}"
EndProject
Global
	GlobalSection(SolutionConfigurationPlatforms) = preSolution
		Debug|Any CPU = Debug|Any CPU
		Release|Any CPU = Release|Any CPU
	EndGlobalSection
	GlobalSection(ProjectConfigurationPlatforms) = postSolution
		{4EE5D3E6-D694-4090-94C2-9665265147FD}.Debug|Any CPU.ActiveCfg = Debug|Any CPU
		{4EE5D3E6-D694-4090-94C2-9665265147FD}.Debug|Any CPU.Build.0 = Debug|Any CPU
		{4EE5D3E6-D694-4090-94C2-9665265147FD}.Release|Any CPU.ActiveCfg = Release|Any CPU
		{4EE5D3E6-D694-4090-94C2-9665265147FD}.Release|Any CPU.Build.0 = Release|Any CPU
		{A0F8069A-AA55-42B7-8AD0-02ED6BC5366E}.Debug|Any CPU.ActiveCfg = Debug|Any CPU
		{A0F8069A-AA55-42B7-8AD0-02ED6BC5366E}.Debug|Any CPU.Build.0 = Debug|Any CPU
		{A0F8069A-AA55-42B7-8AD0-02ED6BC5366E}.Release|Any CPU.ActiveCfg = Release|Any CPU
		{A0F8069A-AA55-42B7-8AD0-02ED6BC5366E}.Release|Any CPU.Build.0 = Release|Any CPU
		{22F1DA83-CCB0-476E-AACE-C9F9FC4F1824}.Debug|Any CPU.ActiveCfg = Debug|Any CPU
		{22F1DA83-CCB0-476E-AACE-C9F9FC4F1824}.Debug|Any CPU.Build.0 = Debug|Any CPU
		{22F1DA83-CCB0-476E-AACE-C9F9FC4F1824}.Release|Any CPU.ActiveCfg = Release|Any CPU
		{22F1DA83-CCB0-476E-AACE-C9F9FC4F1824}.Release|Any CPU.Build.0 = Release|Any CPU
	EndGlobalSection
	GlobalSection(SolutionProperties) = preSolution
		HideSolutionNode = FALSE
	EndGlobalSection
	GlobalSection(ExtensibilityGlobals) = postSolution
		SolutionGuid = {97EFF092-15AC-4533-903F-1359665259CC}
	EndGlobalSection
EndGlobal
